// !$*UTF8*$!
{
	archiveVersion = 1;
	classes = {
	};
	objectVersion = 56;
	objects = {

/* Begin PBXBuildFile section */
		35138D9129CB3184006586AB /* PlayListEntity+CoreDataClass.swift in Sources */ = {isa = PBXBuildFile; fileRef = 35138D8D29CB3184006586AB /* PlayListEntity+CoreDataClass.swift */; };
		35138D9229CB3184006586AB /* MusicEntity+CoreDataProperties.swift in Sources */ = {isa = PBXBuildFile; fileRef = 35138D8E29CB3184006586AB /* MusicEntity+CoreDataProperties.swift */; };
		35138D9329CB3184006586AB /* PlayListEntity+CoreDataProperties.swift in Sources */ = {isa = PBXBuildFile; fileRef = 35138D8F29CB3184006586AB /* PlayListEntity+CoreDataProperties.swift */; };
		35138D9429CB3184006586AB /* MusicEntity+CoreDataClass.swift in Sources */ = {isa = PBXBuildFile; fileRef = 35138D9029CB3184006586AB /* MusicEntity+CoreDataClass.swift */; };
		35ADB25E29B9859100005BE0 /* AppDelegate.swift in Sources */ = {isa = PBXBuildFile; fileRef = 35ADB25D29B9859100005BE0 /* AppDelegate.swift */; };
		35ADB26029B9859100005BE0 /* SceneDelegate.swift in Sources */ = {isa = PBXBuildFile; fileRef = 35ADB25F29B9859100005BE0 /* SceneDelegate.swift */; };
		35ADB26229B9859100005BE0 /* SignInViewController.swift in Sources */ = {isa = PBXBuildFile; fileRef = 35ADB26129B9859100005BE0 /* SignInViewController.swift */; };
		35ADB26529B9859100005BE0 /* Main.storyboard in Resources */ = {isa = PBXBuildFile; fileRef = 35ADB26329B9859100005BE0 /* Main.storyboard */; };
		35ADB26729B9859200005BE0 /* Assets.xcassets in Resources */ = {isa = PBXBuildFile; fileRef = 35ADB26629B9859200005BE0 /* Assets.xcassets */; };
		35ADB26A29B9859200005BE0 /* LaunchScreen.storyboard in Resources */ = {isa = PBXBuildFile; fileRef = 35ADB26829B9859200005BE0 /* LaunchScreen.storyboard */; };
		35ADB27329B9D49000005BE0 /* SnapKit in Frameworks */ = {isa = PBXBuildFile; productRef = 35ADB27229B9D49000005BE0 /* SnapKit */; };
		35ADB27529B9D4D600005BE0 /* .swiftlint.yml in Resources */ = {isa = PBXBuildFile; fileRef = 35ADB27429B9D4D600005BE0 /* .swiftlint.yml */; };
		35ADB27E29B9D58000005BE0 /* NSObject+Extension.swift in Sources */ = {isa = PBXBuildFile; fileRef = 35ADB27A29B9D58000005BE0 /* NSObject+Extension.swift */; };
		35ADB27F29B9D58000005BE0 /* UIFont+Extension.swift in Sources */ = {isa = PBXBuildFile; fileRef = 35ADB27B29B9D58000005BE0 /* UIFont+Extension.swift */; };
		35ADB28029B9D58000005BE0 /* UIColor+Extension.swift in Sources */ = {isa = PBXBuildFile; fileRef = 35ADB27C29B9D58000005BE0 /* UIColor+Extension.swift */; };
		35ADB28129B9D58000005BE0 /* UIViewController+Extension.swift in Sources */ = {isa = PBXBuildFile; fileRef = 35ADB27D29B9D58000005BE0 /* UIViewController+Extension.swift */; };
		35ADB28529B9D59400005BE0 /* UIViewController+Alert.swift in Sources */ = {isa = PBXBuildFile; fileRef = 35ADB28229B9D59400005BE0 /* UIViewController+Alert.swift */; };
		35ADB28629B9D59400005BE0 /* UICollectionView+Extension.swift in Sources */ = {isa = PBXBuildFile; fileRef = 35ADB28329B9D59400005BE0 /* UICollectionView+Extension.swift */; };
		35ADB28729B9D59400005BE0 /* UITableView+Extension.swift in Sources */ = {isa = PBXBuildFile; fileRef = 35ADB28429B9D59400005BE0 /* UITableView+Extension.swift */; };
		35ADB28929B9D5B200005BE0 /* URLSession+Extension.swift in Sources */ = {isa = PBXBuildFile; fileRef = 35ADB28829B9D5B200005BE0 /* URLSession+Extension.swift */; };
		35ADB28C29B9D68B00005BE0 /* ViewModelBindableType.swift in Sources */ = {isa = PBXBuildFile; fileRef = 35ADB28B29B9D68B00005BE0 /* ViewModelBindableType.swift */; };
		35ADB28F29B9D6D000005BE0 /* BaseViewController.swift in Sources */ = {isa = PBXBuildFile; fileRef = 35ADB28E29B9D6D000005BE0 /* BaseViewController.swift */; };
		35ADB2A029B9DF0700005BE0 /* ImageLiteral.swift in Sources */ = {isa = PBXBuildFile; fileRef = 35ADB29F29B9DF0700005BE0 /* ImageLiteral.swift */; };
		35ADB2A229B9E3A800005BE0 /* HomeViewController.swift in Sources */ = {isa = PBXBuildFile; fileRef = 35ADB2A129B9E3A800005BE0 /* HomeViewController.swift */; };
		35ADB2A429BAA4EC00005BE0 /* SearchBarView.swift in Sources */ = {isa = PBXBuildFile; fileRef = 35ADB2A329BAA4EC00005BE0 /* SearchBarView.swift */; };
		35ADB2A629BAFB3D00005BE0 /* SearchViewController.swift in Sources */ = {isa = PBXBuildFile; fileRef = 35ADB2A529BAFB3D00005BE0 /* SearchViewController.swift */; };
		35ADB2A929BB036000005BE0 /* BackButton.swift in Sources */ = {isa = PBXBuildFile; fileRef = 35ADB2A829BB036000005BE0 /* BackButton.swift */; };
		35ADB2AD29BB29C400005BE0 /* MusicTableViewCell.swift in Sources */ = {isa = PBXBuildFile; fileRef = 35ADB2AC29BB29C400005BE0 /* MusicTableViewCell.swift */; };
		35ADB2AF29BB2AD800005BE0 /* Music.swift in Sources */ = {isa = PBXBuildFile; fileRef = 35ADB2AE29BB2AD800005BE0 /* Music.swift */; };
		35ADB2B229BB4E4C00005BE0 /* Kingfisher in Frameworks */ = {isa = PBXBuildFile; productRef = 35ADB2B129BB4E4C00005BE0 /* Kingfisher */; };
		35ADB2B429BCDEE000005BE0 /* SheetViewController.swift in Sources */ = {isa = PBXBuildFile; fileRef = 35ADB2B329BCDEE000005BE0 /* SheetViewController.swift */; };
		35ADB2B629BCFB0E00005BE0 /* HistoryViewController.swift in Sources */ = {isa = PBXBuildFile; fileRef = 35ADB2B529BCFB0E00005BE0 /* HistoryViewController.swift */; };
		35ADB2BE29BD8D6D00005BE0 /* String+Extension.swift in Sources */ = {isa = PBXBuildFile; fileRef = 35ADB2BD29BD8D6D00005BE0 /* String+Extension.swift */; };
		35ADB2C329BD8DC300005BE0 /* APIEnvirionment.swift in Sources */ = {isa = PBXBuildFile; fileRef = 35ADB2C229BD8DC300005BE0 /* APIEnvirionment.swift */; };
		35ADB2C629BD8DF200005BE0 /* SearchEndPoint.swift in Sources */ = {isa = PBXBuildFile; fileRef = 35ADB2C529BD8DF200005BE0 /* SearchEndPoint.swift */; };
		35ADB2C829BD8E2300005BE0 /* ChatGPTResult.swift in Sources */ = {isa = PBXBuildFile; fileRef = 35ADB2C729BD8E2300005BE0 /* ChatGPTResult.swift */; };
		35ADB2CA29BD8E3400005BE0 /* ChatMessage.swift in Sources */ = {isa = PBXBuildFile; fileRef = 35ADB2C929BD8E3400005BE0 /* ChatMessage.swift */; };
		35ADB2CC29BD8E6500005BE0 /* NetworkRequest.swift in Sources */ = {isa = PBXBuildFile; fileRef = 35ADB2CB29BD8E6500005BE0 /* NetworkRequest.swift */; };
		35ADB2CE29BD8E7000005BE0 /* NetworkError.swift in Sources */ = {isa = PBXBuildFile; fileRef = 35ADB2CD29BD8E7000005BE0 /* NetworkError.swift */; };
		35ADB2D129BD8F3A00005BE0 /* SearchViewModel.swift in Sources */ = {isa = PBXBuildFile; fileRef = 35ADB2D029BD8F3A00005BE0 /* SearchViewModel.swift */; };
		35ADB2D529BDB47600005BE0 /* SearchService.swift in Sources */ = {isa = PBXBuildFile; fileRef = 35ADB2D429BDB47600005BE0 /* SearchService.swift */; };
		35ADB2D729BDB48100005BE0 /* SearchRepository.swift in Sources */ = {isa = PBXBuildFile; fileRef = 35ADB2D629BDB48100005BE0 /* SearchRepository.swift */; };
		35ADB2D929BDB50D00005BE0 /* APIService.swift in Sources */ = {isa = PBXBuildFile; fileRef = 35ADB2D829BDB50D00005BE0 /* APIService.swift */; };
		35ADB2DD29BE035200005BE0 /* HistoryCollectionViewCell.swift in Sources */ = {isa = PBXBuildFile; fileRef = 35ADB2DC29BE035200005BE0 /* HistoryCollectionViewCell.swift */; };
		35ADB2DF29BE058D00005BE0 /* PlayList.swift in Sources */ = {isa = PBXBuildFile; fileRef = 35ADB2DE29BE058D00005BE0 /* PlayList.swift */; };
		35ADB2E329C423A700005BE0 /* CoreDataManager.swift in Sources */ = {isa = PBXBuildFile; fileRef = 35ADB2E129C423A600005BE0 /* CoreDataManager.swift */; };
		35ADB2E429C423A700005BE0 /* MusicDataManager.swift in Sources */ = {isa = PBXBuildFile; fileRef = 35ADB2E229C423A700005BE0 /* MusicDataManager.swift */; };
		35ADB2E929C4246E00005BE0 /* TPOMusic.xcdatamodeld in Sources */ = {isa = PBXBuildFile; fileRef = 35ADB2E729C4246E00005BE0 /* TPOMusic.xcdatamodeld */; };
		35ADB2F529C44B8B00005BE0 /* HistoryViewModel.swift in Sources */ = {isa = PBXBuildFile; fileRef = 35ADB2F429C44B8B00005BE0 /* HistoryViewModel.swift */; };
		35BCA58729D1F9A50054EED6 /* SearchResultViewController.swift in Sources */ = {isa = PBXBuildFile; fileRef = 35BCA58629D1F9A50054EED6 /* SearchResultViewController.swift */; };
		35BCA58A29D2E9820054EED6 /* Lottie in Frameworks */ = {isa = PBXBuildFile; productRef = 35BCA58929D2E9820054EED6 /* Lottie */; };
		35BCA58D29D2EAAB0054EED6 /* dots.json in Resources */ = {isa = PBXBuildFile; fileRef = 35BCA58C29D2EAAB0054EED6 /* dots.json */; };
		35BCA58F29D2ED720054EED6 /* BackgroundView.swift in Sources */ = {isa = PBXBuildFile; fileRef = 35BCA58E29D2ED720054EED6 /* BackgroundView.swift */; };
		35F0881229C5FFA3007C6AF6 /* PlayListViewController.swift in Sources */ = {isa = PBXBuildFile; fileRef = 35F0881129C5FFA3007C6AF6 /* PlayListViewController.swift */; };
		35F0881429C60388007C6AF6 /* PlayListViewModel.swift in Sources */ = {isa = PBXBuildFile; fileRef = 35F0881329C60388007C6AF6 /* PlayListViewModel.swift */; };
/* End PBXBuildFile section */

/* Begin PBXFileReference section */
		35138D8D29CB3184006586AB /* PlayListEntity+CoreDataClass.swift */ = {isa = PBXFileReference; fileEncoding = 4; lastKnownFileType = sourcecode.swift; path = "PlayListEntity+CoreDataClass.swift"; sourceTree = "<group>"; };
		35138D8E29CB3184006586AB /* MusicEntity+CoreDataProperties.swift */ = {isa = PBXFileReference; fileEncoding = 4; lastKnownFileType = sourcecode.swift; path = "MusicEntity+CoreDataProperties.swift"; sourceTree = "<group>"; };
		35138D8F29CB3184006586AB /* PlayListEntity+CoreDataProperties.swift */ = {isa = PBXFileReference; fileEncoding = 4; lastKnownFileType = sourcecode.swift; path = "PlayListEntity+CoreDataProperties.swift"; sourceTree = "<group>"; };
		35138D9029CB3184006586AB /* MusicEntity+CoreDataClass.swift */ = {isa = PBXFileReference; fileEncoding = 4; lastKnownFileType = sourcecode.swift; path = "MusicEntity+CoreDataClass.swift"; sourceTree = "<group>"; };
		35ADB25A29B9859100005BE0 /* TPOMusic.app */ = {isa = PBXFileReference; explicitFileType = wrapper.application; includeInIndex = 0; path = TPOMusic.app; sourceTree = BUILT_PRODUCTS_DIR; };
		35ADB25D29B9859100005BE0 /* AppDelegate.swift */ = {isa = PBXFileReference; lastKnownFileType = sourcecode.swift; path = AppDelegate.swift; sourceTree = "<group>"; };
		35ADB25F29B9859100005BE0 /* SceneDelegate.swift */ = {isa = PBXFileReference; lastKnownFileType = sourcecode.swift; path = SceneDelegate.swift; sourceTree = "<group>"; };
		35ADB26129B9859100005BE0 /* SignInViewController.swift */ = {isa = PBXFileReference; lastKnownFileType = sourcecode.swift; path = SignInViewController.swift; sourceTree = "<group>"; };
		35ADB26429B9859100005BE0 /* Base */ = {isa = PBXFileReference; lastKnownFileType = file.storyboard; name = Base; path = Base.lproj/Main.storyboard; sourceTree = "<group>"; };
		35ADB26629B9859200005BE0 /* Assets.xcassets */ = {isa = PBXFileReference; lastKnownFileType = folder.assetcatalog; path = Assets.xcassets; sourceTree = "<group>"; };
		35ADB26929B9859200005BE0 /* Base */ = {isa = PBXFileReference; lastKnownFileType = file.storyboard; name = Base; path = Base.lproj/LaunchScreen.storyboard; sourceTree = "<group>"; };
		35ADB26B29B9859200005BE0 /* Info.plist */ = {isa = PBXFileReference; lastKnownFileType = text.plist.xml; path = Info.plist; sourceTree = "<group>"; };
		35ADB27429B9D4D600005BE0 /* .swiftlint.yml */ = {isa = PBXFileReference; fileEncoding = 4; lastKnownFileType = text.yaml; path = .swiftlint.yml; sourceTree = "<group>"; };
		35ADB27A29B9D58000005BE0 /* NSObject+Extension.swift */ = {isa = PBXFileReference; fileEncoding = 4; lastKnownFileType = sourcecode.swift; path = "NSObject+Extension.swift"; sourceTree = "<group>"; };
		35ADB27B29B9D58000005BE0 /* UIFont+Extension.swift */ = {isa = PBXFileReference; fileEncoding = 4; lastKnownFileType = sourcecode.swift; path = "UIFont+Extension.swift"; sourceTree = "<group>"; };
		35ADB27C29B9D58000005BE0 /* UIColor+Extension.swift */ = {isa = PBXFileReference; fileEncoding = 4; lastKnownFileType = sourcecode.swift; path = "UIColor+Extension.swift"; sourceTree = "<group>"; };
		35ADB27D29B9D58000005BE0 /* UIViewController+Extension.swift */ = {isa = PBXFileReference; fileEncoding = 4; lastKnownFileType = sourcecode.swift; path = "UIViewController+Extension.swift"; sourceTree = "<group>"; };
		35ADB28229B9D59400005BE0 /* UIViewController+Alert.swift */ = {isa = PBXFileReference; fileEncoding = 4; lastKnownFileType = sourcecode.swift; path = "UIViewController+Alert.swift"; sourceTree = "<group>"; };
		35ADB28329B9D59400005BE0 /* UICollectionView+Extension.swift */ = {isa = PBXFileReference; fileEncoding = 4; lastKnownFileType = sourcecode.swift; path = "UICollectionView+Extension.swift"; sourceTree = "<group>"; };
		35ADB28429B9D59400005BE0 /* UITableView+Extension.swift */ = {isa = PBXFileReference; fileEncoding = 4; lastKnownFileType = sourcecode.swift; path = "UITableView+Extension.swift"; sourceTree = "<group>"; };
		35ADB28829B9D5B200005BE0 /* URLSession+Extension.swift */ = {isa = PBXFileReference; fileEncoding = 4; lastKnownFileType = sourcecode.swift; path = "URLSession+Extension.swift"; sourceTree = "<group>"; };
		35ADB28B29B9D68B00005BE0 /* ViewModelBindableType.swift */ = {isa = PBXFileReference; fileEncoding = 4; lastKnownFileType = sourcecode.swift; path = ViewModelBindableType.swift; sourceTree = "<group>"; };
		35ADB28E29B9D6D000005BE0 /* BaseViewController.swift */ = {isa = PBXFileReference; fileEncoding = 4; lastKnownFileType = sourcecode.swift; path = BaseViewController.swift; sourceTree = "<group>"; };
		35ADB29329B9DA9600005BE0 /* TPOMusic.entitlements */ = {isa = PBXFileReference; lastKnownFileType = text.plist.entitlements; path = TPOMusic.entitlements; sourceTree = "<group>"; };
		35ADB29F29B9DF0700005BE0 /* ImageLiteral.swift */ = {isa = PBXFileReference; fileEncoding = 4; lastKnownFileType = sourcecode.swift; path = ImageLiteral.swift; sourceTree = "<group>"; };
		35ADB2A129B9E3A800005BE0 /* HomeViewController.swift */ = {isa = PBXFileReference; lastKnownFileType = sourcecode.swift; path = HomeViewController.swift; sourceTree = "<group>"; };
		35ADB2A329BAA4EC00005BE0 /* SearchBarView.swift */ = {isa = PBXFileReference; fileEncoding = 4; lastKnownFileType = sourcecode.swift; path = SearchBarView.swift; sourceTree = "<group>"; };
		35ADB2A529BAFB3D00005BE0 /* SearchViewController.swift */ = {isa = PBXFileReference; lastKnownFileType = sourcecode.swift; path = SearchViewController.swift; sourceTree = "<group>"; };
		35ADB2A829BB036000005BE0 /* BackButton.swift */ = {isa = PBXFileReference; lastKnownFileType = sourcecode.swift; path = BackButton.swift; sourceTree = "<group>"; };
		35ADB2AC29BB29C400005BE0 /* MusicTableViewCell.swift */ = {isa = PBXFileReference; lastKnownFileType = sourcecode.swift; path = MusicTableViewCell.swift; sourceTree = "<group>"; };
		35ADB2AE29BB2AD800005BE0 /* Music.swift */ = {isa = PBXFileReference; lastKnownFileType = sourcecode.swift; path = Music.swift; sourceTree = "<group>"; };
		35ADB2B329BCDEE000005BE0 /* SheetViewController.swift */ = {isa = PBXFileReference; fileEncoding = 4; lastKnownFileType = sourcecode.swift; path = SheetViewController.swift; sourceTree = "<group>"; };
		35ADB2B529BCFB0E00005BE0 /* HistoryViewController.swift */ = {isa = PBXFileReference; lastKnownFileType = sourcecode.swift; path = HistoryViewController.swift; sourceTree = "<group>"; };
		35ADB2BD29BD8D6D00005BE0 /* String+Extension.swift */ = {isa = PBXFileReference; lastKnownFileType = sourcecode.swift; path = "String+Extension.swift"; sourceTree = "<group>"; };
		35ADB2C229BD8DC300005BE0 /* APIEnvirionment.swift */ = {isa = PBXFileReference; lastKnownFileType = sourcecode.swift; path = APIEnvirionment.swift; sourceTree = "<group>"; };
		35ADB2C529BD8DF200005BE0 /* SearchEndPoint.swift */ = {isa = PBXFileReference; lastKnownFileType = sourcecode.swift; path = SearchEndPoint.swift; sourceTree = "<group>"; };
		35ADB2C729BD8E2300005BE0 /* ChatGPTResult.swift */ = {isa = PBXFileReference; lastKnownFileType = sourcecode.swift; path = ChatGPTResult.swift; sourceTree = "<group>"; };
		35ADB2C929BD8E3400005BE0 /* ChatMessage.swift */ = {isa = PBXFileReference; lastKnownFileType = sourcecode.swift; path = ChatMessage.swift; sourceTree = "<group>"; };
		35ADB2CB29BD8E6500005BE0 /* NetworkRequest.swift */ = {isa = PBXFileReference; fileEncoding = 4; lastKnownFileType = sourcecode.swift; path = NetworkRequest.swift; sourceTree = "<group>"; };
		35ADB2CD29BD8E7000005BE0 /* NetworkError.swift */ = {isa = PBXFileReference; fileEncoding = 4; lastKnownFileType = sourcecode.swift; path = NetworkError.swift; sourceTree = "<group>"; };
		35ADB2D029BD8F3A00005BE0 /* SearchViewModel.swift */ = {isa = PBXFileReference; lastKnownFileType = sourcecode.swift; path = SearchViewModel.swift; sourceTree = "<group>"; };
		35ADB2D429BDB47600005BE0 /* SearchService.swift */ = {isa = PBXFileReference; lastKnownFileType = sourcecode.swift; path = SearchService.swift; sourceTree = "<group>"; };
		35ADB2D629BDB48100005BE0 /* SearchRepository.swift */ = {isa = PBXFileReference; lastKnownFileType = sourcecode.swift; path = SearchRepository.swift; sourceTree = "<group>"; };
		35ADB2D829BDB50D00005BE0 /* APIService.swift */ = {isa = PBXFileReference; lastKnownFileType = sourcecode.swift; path = APIService.swift; sourceTree = "<group>"; };
		35ADB2DC29BE035200005BE0 /* HistoryCollectionViewCell.swift */ = {isa = PBXFileReference; lastKnownFileType = sourcecode.swift; path = HistoryCollectionViewCell.swift; sourceTree = "<group>"; };
		35ADB2DE29BE058D00005BE0 /* PlayList.swift */ = {isa = PBXFileReference; lastKnownFileType = sourcecode.swift; path = PlayList.swift; sourceTree = "<group>"; };
		35ADB2E129C423A600005BE0 /* CoreDataManager.swift */ = {isa = PBXFileReference; fileEncoding = 4; lastKnownFileType = sourcecode.swift; path = CoreDataManager.swift; sourceTree = "<group>"; };
		35ADB2E229C423A700005BE0 /* MusicDataManager.swift */ = {isa = PBXFileReference; fileEncoding = 4; lastKnownFileType = sourcecode.swift; path = MusicDataManager.swift; sourceTree = "<group>"; };
		35ADB2E829C4246E00005BE0 /* TPOMusic.xcdatamodel */ = {isa = PBXFileReference; lastKnownFileType = wrapper.xcdatamodel; path = TPOMusic.xcdatamodel; sourceTree = "<group>"; };
		35ADB2F429C44B8B00005BE0 /* HistoryViewModel.swift */ = {isa = PBXFileReference; lastKnownFileType = sourcecode.swift; path = HistoryViewModel.swift; sourceTree = "<group>"; };
		35BCA58629D1F9A50054EED6 /* SearchResultViewController.swift */ = {isa = PBXFileReference; lastKnownFileType = sourcecode.swift; path = SearchResultViewController.swift; sourceTree = "<group>"; };
		35BCA58C29D2EAAB0054EED6 /* dots.json */ = {isa = PBXFileReference; fileEncoding = 4; lastKnownFileType = text.json; path = dots.json; sourceTree = "<group>"; };
		35BCA58E29D2ED720054EED6 /* BackgroundView.swift */ = {isa = PBXFileReference; lastKnownFileType = sourcecode.swift; path = BackgroundView.swift; sourceTree = "<group>"; };
		35F0881129C5FFA3007C6AF6 /* PlayListViewController.swift */ = {isa = PBXFileReference; lastKnownFileType = sourcecode.swift; path = PlayListViewController.swift; sourceTree = "<group>"; };
		35F0881329C60388007C6AF6 /* PlayListViewModel.swift */ = {isa = PBXFileReference; lastKnownFileType = sourcecode.swift; path = PlayListViewModel.swift; sourceTree = "<group>"; };
/* End PBXFileReference section */

/* Begin PBXFrameworksBuildPhase section */
		35ADB25729B9859100005BE0 /* Frameworks */ = {
			isa = PBXFrameworksBuildPhase;
			buildActionMask = 2147483647;
			files = (
				35ADB2B229BB4E4C00005BE0 /* Kingfisher in Frameworks */,
				35ADB27329B9D49000005BE0 /* SnapKit in Frameworks */,
				35BCA58A29D2E9820054EED6 /* Lottie in Frameworks */,
			);
			runOnlyForDeploymentPostprocessing = 0;
		};
/* End PBXFrameworksBuildPhase section */

/* Begin PBXGroup section */
		35ADB25129B9859100005BE0 = {
			isa = PBXGroup;
			children = (
				35ADB25C29B9859100005BE0 /* TPOMusic */,
				35ADB25B29B9859100005BE0 /* Products */,
			);
			sourceTree = "<group>";
		};
		35ADB25B29B9859100005BE0 /* Products */ = {
			isa = PBXGroup;
			children = (
				35ADB25A29B9859100005BE0 /* TPOMusic.app */,
			);
			name = Products;
			sourceTree = "<group>";
		};
		35ADB25C29B9859100005BE0 /* TPOMusic */ = {
			isa = PBXGroup;
			children = (
				35ADB27429B9D4D600005BE0 /* .swiftlint.yml */,
				35ADB29329B9DA9600005BE0 /* TPOMusic.entitlements */,
				35ADB29229B9D80300005BE0 /* Model */,
				35ADB29129B9D6DF00005BE0 /* Screen */,
				35ADB29029B9D6DC00005BE0 /* Global */,
				35ADB26B29B9859200005BE0 /* Info.plist */,
			);
			path = TPOMusic;
			sourceTree = "<group>";
		};
		35ADB27729B9D53A00005BE0 /* Resource */ = {
			isa = PBXGroup;
			children = (
				35BCA58B29D2EAAB0054EED6 /* Lottie */,
				35ADB26329B9859100005BE0 /* Main.storyboard */,
				35ADB26629B9859200005BE0 /* Assets.xcassets */,
				35ADB26829B9859200005BE0 /* LaunchScreen.storyboard */,
			);
			path = Resource;
			sourceTree = "<group>";
		};
		35ADB27829B9D55600005BE0 /* Support */ = {
			isa = PBXGroup;
			children = (
				35ADB25D29B9859100005BE0 /* AppDelegate.swift */,
				35ADB25F29B9859100005BE0 /* SceneDelegate.swift */,
			);
			path = Support;
			sourceTree = "<group>";
		};
		35ADB27929B9D56E00005BE0 /* Extension */ = {
			isa = PBXGroup;
			children = (
				35ADB27A29B9D58000005BE0 /* NSObject+Extension.swift */,
				35ADB28329B9D59400005BE0 /* UICollectionView+Extension.swift */,
				35ADB28429B9D59400005BE0 /* UITableView+Extension.swift */,
				35ADB28229B9D59400005BE0 /* UIViewController+Alert.swift */,
				35ADB27C29B9D58000005BE0 /* UIColor+Extension.swift */,
				35ADB27B29B9D58000005BE0 /* UIFont+Extension.swift */,
				35ADB27D29B9D58000005BE0 /* UIViewController+Extension.swift */,
				35ADB28829B9D5B200005BE0 /* URLSession+Extension.swift */,
				35ADB2BD29BD8D6D00005BE0 /* String+Extension.swift */,
			);
			path = Extension;
			sourceTree = "<group>";
		};
		35ADB28A29B9D68000005BE0 /* Protocol */ = {
			isa = PBXGroup;
			children = (
				35ADB28B29B9D68B00005BE0 /* ViewModelBindableType.swift */,
			);
			path = Protocol;
			sourceTree = "<group>";
		};
		35ADB28D29B9D6D000005BE0 /* Base */ = {
			isa = PBXGroup;
			children = (
				35ADB28E29B9D6D000005BE0 /* BaseViewController.swift */,
			);
			path = Base;
			sourceTree = "<group>";
		};
		35ADB29029B9D6DC00005BE0 /* Global */ = {
			isa = PBXGroup;
			children = (
				35ADB2D329BDB46300005BE0 /* Repository */,
				35ADB2D229BDB45900005BE0 /* Service */,
				35ADB2BF29BD8DA700005BE0 /* Managers */,
				35ADB2A729BB035000005BE0 /* UIComponent */,
				35ADB27729B9D53A00005BE0 /* Resource */,
				35ADB27829B9D55600005BE0 /* Support */,
				35ADB27929B9D56E00005BE0 /* Extension */,
				35ADB28A29B9D68000005BE0 /* Protocol */,
				35ADB29829B9DEA500005BE0 /* Literal */,
				35ADB28D29B9D6D000005BE0 /* Base */,
			);
			path = Global;
			sourceTree = "<group>";
		};
		35ADB29129B9D6DF00005BE0 /* Screen */ = {
			isa = PBXGroup;
			children = (
				35F0881129C5FFA3007C6AF6 /* PlayListViewController.swift */,
				35F0881329C60388007C6AF6 /* PlayListViewModel.swift */,
				35ADB2B929BD827500005BE0 /* Home */,
				35ADB2BA29BD828400005BE0 /* Search */,
				35ADB26129B9859100005BE0 /* SignInViewController.swift */,
			);
			path = Screen;
			sourceTree = "<group>";
		};
		35ADB29229B9D80300005BE0 /* Model */ = {
			isa = PBXGroup;
			children = (
				35ADB2AE29BB2AD800005BE0 /* Music.swift */,
				35ADB2C729BD8E2300005BE0 /* ChatGPTResult.swift */,
				35ADB2C929BD8E3400005BE0 /* ChatMessage.swift */,
				35ADB2DE29BE058D00005BE0 /* PlayList.swift */,
			);
			path = Model;
			sourceTree = "<group>";
		};
		35ADB29829B9DEA500005BE0 /* Literal */ = {
			isa = PBXGroup;
			children = (
				35ADB29F29B9DF0700005BE0 /* ImageLiteral.swift */,
			);
			path = Literal;
			sourceTree = "<group>";
		};
		35ADB2A729BB035000005BE0 /* UIComponent */ = {
			isa = PBXGroup;
			children = (
				35ADB2A829BB036000005BE0 /* BackButton.swift */,
				35BCA58E29D2ED720054EED6 /* BackgroundView.swift */,
			);
			path = UIComponent;
			sourceTree = "<group>";
		};
		35ADB2B929BD827500005BE0 /* Home */ = {
			isa = PBXGroup;
			children = (
				35ADB2F229C44B3800005BE0 /* ViewModel */,
				35ADB2DA29BE033D00005BE0 /* View */,
				35ADB2B329BCDEE000005BE0 /* SheetViewController.swift */,
				35ADB2A129B9E3A800005BE0 /* HomeViewController.swift */,
				35ADB2B529BCFB0E00005BE0 /* HistoryViewController.swift */,
			);
			path = Home;
			sourceTree = "<group>";
		};
		35ADB2BA29BD828400005BE0 /* Search */ = {
			isa = PBXGroup;
			children = (
				35ADB2CF29BD8F2B00005BE0 /* ViewModel */,
				35ADB2BB29BD829800005BE0 /* View */,
				35ADB2A529BAFB3D00005BE0 /* SearchViewController.swift */,
				35BCA58629D1F9A50054EED6 /* SearchResultViewController.swift */,
			);
			path = Search;
			sourceTree = "<group>";
		};
		35ADB2BB29BD829800005BE0 /* View */ = {
			isa = PBXGroup;
			children = (
				35ADB2A329BAA4EC00005BE0 /* SearchBarView.swift */,
				35ADB2BC29BD829B00005BE0 /* Cell */,
			);
			path = View;
			sourceTree = "<group>";
		};
		35ADB2BC29BD829B00005BE0 /* Cell */ = {
			isa = PBXGroup;
			children = (
				35ADB2AC29BB29C400005BE0 /* MusicTableViewCell.swift */,
			);
			path = Cell;
			sourceTree = "<group>";
		};
		35ADB2BF29BD8DA700005BE0 /* Managers */ = {
			isa = PBXGroup;
			children = (
				35ADB2E029C4239A00005BE0 /* CoreData */,
				35ADB2C029BD8DB100005BE0 /* Network */,
			);
			path = Managers;
			sourceTree = "<group>";
		};
		35ADB2C029BD8DB100005BE0 /* Network */ = {
			isa = PBXGroup;
			children = (
				35ADB2C429BD8DE600005BE0 /* EndPoint */,
				35ADB2C129BD8DB800005BE0 /* Service */,
			);
			path = Network;
			sourceTree = "<group>";
		};
		35ADB2C129BD8DB800005BE0 /* Service */ = {
			isa = PBXGroup;
			children = (
				35ADB2CB29BD8E6500005BE0 /* NetworkRequest.swift */,
				35ADB2CD29BD8E7000005BE0 /* NetworkError.swift */,
				35ADB2C229BD8DC300005BE0 /* APIEnvirionment.swift */,
				35ADB2D829BDB50D00005BE0 /* APIService.swift */,
			);
			path = Service;
			sourceTree = "<group>";
		};
		35ADB2C429BD8DE600005BE0 /* EndPoint */ = {
			isa = PBXGroup;
			children = (
				35ADB2C529BD8DF200005BE0 /* SearchEndPoint.swift */,
			);
			path = EndPoint;
			sourceTree = "<group>";
		};
		35ADB2CF29BD8F2B00005BE0 /* ViewModel */ = {
			isa = PBXGroup;
			children = (
				35ADB2D029BD8F3A00005BE0 /* SearchViewModel.swift */,
			);
			path = ViewModel;
			sourceTree = "<group>";
		};
		35ADB2D229BDB45900005BE0 /* Service */ = {
			isa = PBXGroup;
			children = (
				35ADB2D429BDB47600005BE0 /* SearchService.swift */,
			);
			path = Service;
			sourceTree = "<group>";
		};
		35ADB2D329BDB46300005BE0 /* Repository */ = {
			isa = PBXGroup;
			children = (
				35ADB2D629BDB48100005BE0 /* SearchRepository.swift */,
			);
			path = Repository;
			sourceTree = "<group>";
		};
		35ADB2DA29BE033D00005BE0 /* View */ = {
			isa = PBXGroup;
			children = (
				35ADB2DB29BE034200005BE0 /* Cell */,
			);
			path = View;
			sourceTree = "<group>";
		};
		35ADB2DB29BE034200005BE0 /* Cell */ = {
			isa = PBXGroup;
			children = (
				35ADB2DC29BE035200005BE0 /* HistoryCollectionViewCell.swift */,
			);
			path = Cell;
			sourceTree = "<group>";
		};
		35ADB2E029C4239A00005BE0 /* CoreData */ = {
			isa = PBXGroup;
			children = (
				35138D9029CB3184006586AB /* MusicEntity+CoreDataClass.swift */,
				35138D8E29CB3184006586AB /* MusicEntity+CoreDataProperties.swift */,
				35138D8D29CB3184006586AB /* PlayListEntity+CoreDataClass.swift */,
				35138D8F29CB3184006586AB /* PlayListEntity+CoreDataProperties.swift */,
				35ADB2E529C4245000005BE0 /* Manager */,
				35ADB2E729C4246E00005BE0 /* TPOMusic.xcdatamodeld */,
			);
			path = CoreData;
			sourceTree = "<group>";
		};
		35ADB2E529C4245000005BE0 /* Manager */ = {
			isa = PBXGroup;
			children = (
				35ADB2E229C423A700005BE0 /* MusicDataManager.swift */,
				35ADB2E129C423A600005BE0 /* CoreDataManager.swift */,
			);
			path = Manager;
			sourceTree = "<group>";
		};
		35ADB2F229C44B3800005BE0 /* ViewModel */ = {
			isa = PBXGroup;
			children = (
				35ADB2F429C44B8B00005BE0 /* HistoryViewModel.swift */,
			);
			path = ViewModel;
			sourceTree = "<group>";
		};
		35BCA58B29D2EAAB0054EED6 /* Lottie */ = {
			isa = PBXGroup;
			children = (
				35BCA58C29D2EAAB0054EED6 /* dots.json */,
			);
			path = Lottie;
			sourceTree = "<group>";
		};
/* End PBXGroup section */

/* Begin PBXNativeTarget section */
		35ADB25929B9859100005BE0 /* TPOMusic */ = {
			isa = PBXNativeTarget;
			buildConfigurationList = 35ADB26E29B9859200005BE0 /* Build configuration list for PBXNativeTarget "TPOMusic" */;
			buildPhases = (
				35ADB25629B9859100005BE0 /* Sources */,
				35ADB25729B9859100005BE0 /* Frameworks */,
				35ADB25829B9859100005BE0 /* Resources */,
				35ADB27629B9D4EC00005BE0 /* SwiftLint Script */,
			);
			buildRules = (
			);
			dependencies = (
			);
			name = TPOMusic;
			packageProductDependencies = (
				35ADB27229B9D49000005BE0 /* SnapKit */,
				35ADB2B129BB4E4C00005BE0 /* Kingfisher */,
				35BCA58929D2E9820054EED6 /* Lottie */,
			);
			productName = TPOMusic;
			productReference = 35ADB25A29B9859100005BE0 /* TPOMusic.app */;
			productType = "com.apple.product-type.application";
		};
/* End PBXNativeTarget section */

/* Begin PBXProject section */
		35ADB25229B9859100005BE0 /* Project object */ = {
			isa = PBXProject;
			attributes = {
				BuildIndependentTargetsInParallel = 1;
				LastSwiftUpdateCheck = 1420;
				LastUpgradeCheck = 1420;
				TargetAttributes = {
					35ADB25929B9859100005BE0 = {
						CreatedOnToolsVersion = 14.2;
					};
				};
			};
			buildConfigurationList = 35ADB25529B9859100005BE0 /* Build configuration list for PBXProject "TPOMusic" */;
			compatibilityVersion = "Xcode 14.0";
			developmentRegion = en;
			hasScannedForEncodings = 0;
			knownRegions = (
				en,
				Base,
			);
			mainGroup = 35ADB25129B9859100005BE0;
			packageReferences = (
				35ADB27129B9D49000005BE0 /* XCRemoteSwiftPackageReference "SnapKit" */,
				35ADB2B029BB4E4C00005BE0 /* XCRemoteSwiftPackageReference "Kingfisher" */,
				35BCA58829D2E9820054EED6 /* XCRemoteSwiftPackageReference "lottie-ios" */,
			);
			productRefGroup = 35ADB25B29B9859100005BE0 /* Products */;
			projectDirPath = "";
			projectRoot = "";
			targets = (
				35ADB25929B9859100005BE0 /* TPOMusic */,
			);
		};
/* End PBXProject section */

/* Begin PBXResourcesBuildPhase section */
		35ADB25829B9859100005BE0 /* Resources */ = {
			isa = PBXResourcesBuildPhase;
			buildActionMask = 2147483647;
			files = (
				35ADB27529B9D4D600005BE0 /* .swiftlint.yml in Resources */,
				35ADB26A29B9859200005BE0 /* LaunchScreen.storyboard in Resources */,
				35ADB26729B9859200005BE0 /* Assets.xcassets in Resources */,
				35BCA58D29D2EAAB0054EED6 /* dots.json in Resources */,
				35ADB26529B9859100005BE0 /* Main.storyboard in Resources */,
			);
			runOnlyForDeploymentPostprocessing = 0;
		};
/* End PBXResourcesBuildPhase section */

/* Begin PBXShellScriptBuildPhase section */
		35ADB27629B9D4EC00005BE0 /* SwiftLint Script */ = {
			isa = PBXShellScriptBuildPhase;
			buildActionMask = 2147483647;
			files = (
			);
			inputFileListPaths = (
			);
			inputPaths = (
			);
			name = "SwiftLint Script";
			outputFileListPaths = (
			);
			outputPaths = (
			);
			runOnlyForDeploymentPostprocessing = 0;
			shellPath = /bin/sh;
			shellScript = "export PATH=\"$PATH:/opt/homebrew/bin\"\nif which swiftlint > /dev/null; then\n  swiftlint\nelse\n  echo \"warning: SwiftLint not installed, download from https://github.com/realm/SwiftLint\"\nfi\n";
		};
/* End PBXShellScriptBuildPhase section */

/* Begin PBXSourcesBuildPhase section */
		35ADB25629B9859100005BE0 /* Sources */ = {
			isa = PBXSourcesBuildPhase;
			buildActionMask = 2147483647;
			files = (
				35138D9129CB3184006586AB /* PlayListEntity+CoreDataClass.swift in Sources */,
				35F0881429C60388007C6AF6 /* PlayListViewModel.swift in Sources */,
				35ADB2C329BD8DC300005BE0 /* APIEnvirionment.swift in Sources */,
				35ADB2CE29BD8E7000005BE0 /* NetworkError.swift in Sources */,
				35ADB28F29B9D6D000005BE0 /* BaseViewController.swift in Sources */,
				35ADB2B629BCFB0E00005BE0 /* HistoryViewController.swift in Sources */,
				35ADB2E429C423A700005BE0 /* MusicDataManager.swift in Sources */,
				35ADB2D929BDB50D00005BE0 /* APIService.swift in Sources */,
				35ADB28629B9D59400005BE0 /* UICollectionView+Extension.swift in Sources */,
				35ADB2E329C423A700005BE0 /* CoreDataManager.swift in Sources */,
				35ADB26229B9859100005BE0 /* SignInViewController.swift in Sources */,
				35ADB2D129BD8F3A00005BE0 /* SearchViewModel.swift in Sources */,
				35ADB2D729BDB48100005BE0 /* SearchRepository.swift in Sources */,
				35ADB2A629BAFB3D00005BE0 /* SearchViewController.swift in Sources */,
				35F0881229C5FFA3007C6AF6 /* PlayListViewController.swift in Sources */,
				35ADB2A029B9DF0700005BE0 /* ImageLiteral.swift in Sources */,
				35ADB2C629BD8DF200005BE0 /* SearchEndPoint.swift in Sources */,
				35ADB2F529C44B8B00005BE0 /* HistoryViewModel.swift in Sources */,
				35ADB2A429BAA4EC00005BE0 /* SearchBarView.swift in Sources */,
				35ADB25E29B9859100005BE0 /* AppDelegate.swift in Sources */,
				35ADB2A229B9E3A800005BE0 /* HomeViewController.swift in Sources */,
				35ADB26029B9859100005BE0 /* SceneDelegate.swift in Sources */,
				35ADB2DF29BE058D00005BE0 /* PlayList.swift in Sources */,
				35ADB28029B9D58000005BE0 /* UIColor+Extension.swift in Sources */,
				35BCA58729D1F9A50054EED6 /* SearchResultViewController.swift in Sources */,
				35ADB28129B9D58000005BE0 /* UIViewController+Extension.swift in Sources */,
				35ADB2E929C4246E00005BE0 /* TPOMusic.xcdatamodeld in Sources */,
				35138D9429CB3184006586AB /* MusicEntity+CoreDataClass.swift in Sources */,
				35ADB2CC29BD8E6500005BE0 /* NetworkRequest.swift in Sources */,
				35ADB2AF29BB2AD800005BE0 /* Music.swift in Sources */,
				35ADB27F29B9D58000005BE0 /* UIFont+Extension.swift in Sources */,
				35BCA58F29D2ED720054EED6 /* BackgroundView.swift in Sources */,
				35ADB2C829BD8E2300005BE0 /* ChatGPTResult.swift in Sources */,
				35ADB2D529BDB47600005BE0 /* SearchService.swift in Sources */,
				35ADB28729B9D59400005BE0 /* UITableView+Extension.swift in Sources */,
				35138D9229CB3184006586AB /* MusicEntity+CoreDataProperties.swift in Sources */,
				35ADB2CA29BD8E3400005BE0 /* ChatMessage.swift in Sources */,
				35ADB27E29B9D58000005BE0 /* NSObject+Extension.swift in Sources */,
				35ADB2BE29BD8D6D00005BE0 /* String+Extension.swift in Sources */,
				35ADB2A929BB036000005BE0 /* BackButton.swift in Sources */,
				35ADB2AD29BB29C400005BE0 /* MusicTableViewCell.swift in Sources */,
				35ADB2DD29BE035200005BE0 /* HistoryCollectionViewCell.swift in Sources */,
				35ADB28C29B9D68B00005BE0 /* ViewModelBindableType.swift in Sources */,
				35138D9329CB3184006586AB /* PlayListEntity+CoreDataProperties.swift in Sources */,
				35ADB2B429BCDEE000005BE0 /* SheetViewController.swift in Sources */,
				35ADB28529B9D59400005BE0 /* UIViewController+Alert.swift in Sources */,
				35ADB28929B9D5B200005BE0 /* URLSession+Extension.swift in Sources */,
			);
			runOnlyForDeploymentPostprocessing = 0;
		};
/* End PBXSourcesBuildPhase section */

/* Begin PBXVariantGroup section */
		35ADB26329B9859100005BE0 /* Main.storyboard */ = {
			isa = PBXVariantGroup;
			children = (
				35ADB26429B9859100005BE0 /* Base */,
			);
			name = Main.storyboard;
			sourceTree = "<group>";
		};
		35ADB26829B9859200005BE0 /* LaunchScreen.storyboard */ = {
			isa = PBXVariantGroup;
			children = (
				35ADB26929B9859200005BE0 /* Base */,
			);
			name = LaunchScreen.storyboard;
			sourceTree = "<group>";
		};
/* End PBXVariantGroup section */

/* Begin XCBuildConfiguration section */
		35ADB26C29B9859200005BE0 /* Debug */ = {
			isa = XCBuildConfiguration;
			buildSettings = {
				ALWAYS_SEARCH_USER_PATHS = NO;
				CLANG_ANALYZER_NONNULL = YES;
				CLANG_ANALYZER_NUMBER_OBJECT_CONVERSION = YES_AGGRESSIVE;
				CLANG_CXX_LANGUAGE_STANDARD = "gnu++20";
				CLANG_ENABLE_MODULES = YES;
				CLANG_ENABLE_OBJC_ARC = YES;
				CLANG_ENABLE_OBJC_WEAK = YES;
				CLANG_WARN_BLOCK_CAPTURE_AUTORELEASING = YES;
				CLANG_WARN_BOOL_CONVERSION = YES;
				CLANG_WARN_COMMA = YES;
				CLANG_WARN_CONSTANT_CONVERSION = YES;
				CLANG_WARN_DEPRECATED_OBJC_IMPLEMENTATIONS = YES;
				CLANG_WARN_DIRECT_OBJC_ISA_USAGE = YES_ERROR;
				CLANG_WARN_DOCUMENTATION_COMMENTS = YES;
				CLANG_WARN_EMPTY_BODY = YES;
				CLANG_WARN_ENUM_CONVERSION = YES;
				CLANG_WARN_INFINITE_RECURSION = YES;
				CLANG_WARN_INT_CONVERSION = YES;
				CLANG_WARN_NON_LITERAL_NULL_CONVERSION = YES;
				CLANG_WARN_OBJC_IMPLICIT_RETAIN_SELF = YES;
				CLANG_WARN_OBJC_LITERAL_CONVERSION = YES;
				CLANG_WARN_OBJC_ROOT_CLASS = YES_ERROR;
				CLANG_WARN_QUOTED_INCLUDE_IN_FRAMEWORK_HEADER = YES;
				CLANG_WARN_RANGE_LOOP_ANALYSIS = YES;
				CLANG_WARN_STRICT_PROTOTYPES = YES;
				CLANG_WARN_SUSPICIOUS_MOVE = YES;
				CLANG_WARN_UNGUARDED_AVAILABILITY = YES_AGGRESSIVE;
				CLANG_WARN_UNREACHABLE_CODE = YES;
				CLANG_WARN__DUPLICATE_METHOD_MATCH = YES;
				COPY_PHASE_STRIP = NO;
				DEBUG_INFORMATION_FORMAT = dwarf;
				ENABLE_STRICT_OBJC_MSGSEND = YES;
				ENABLE_TESTABILITY = YES;
				GCC_C_LANGUAGE_STANDARD = gnu11;
				GCC_DYNAMIC_NO_PIC = NO;
				GCC_NO_COMMON_BLOCKS = YES;
				GCC_OPTIMIZATION_LEVEL = 0;
				GCC_PREPROCESSOR_DEFINITIONS = (
					"DEBUG=1",
					"$(inherited)",
				);
				GCC_WARN_64_TO_32_BIT_CONVERSION = YES;
				GCC_WARN_ABOUT_RETURN_TYPE = YES_ERROR;
				GCC_WARN_UNDECLARED_SELECTOR = YES;
				GCC_WARN_UNINITIALIZED_AUTOS = YES_AGGRESSIVE;
				GCC_WARN_UNUSED_FUNCTION = YES;
				GCC_WARN_UNUSED_VARIABLE = YES;
				IPHONEOS_DEPLOYMENT_TARGET = 15.0;
				MTL_ENABLE_DEBUG_INFO = INCLUDE_SOURCE;
				MTL_FAST_MATH = YES;
				ONLY_ACTIVE_ARCH = YES;
				SDKROOT = iphoneos;
				SWIFT_ACTIVE_COMPILATION_CONDITIONS = DEBUG;
				SWIFT_OPTIMIZATION_LEVEL = "-Onone";
			};
			name = Debug;
		};
		35ADB26D29B9859200005BE0 /* Release */ = {
			isa = XCBuildConfiguration;
			buildSettings = {
				ALWAYS_SEARCH_USER_PATHS = NO;
				CLANG_ANALYZER_NONNULL = YES;
				CLANG_ANALYZER_NUMBER_OBJECT_CONVERSION = YES_AGGRESSIVE;
				CLANG_CXX_LANGUAGE_STANDARD = "gnu++20";
				CLANG_ENABLE_MODULES = YES;
				CLANG_ENABLE_OBJC_ARC = YES;
				CLANG_ENABLE_OBJC_WEAK = YES;
				CLANG_WARN_BLOCK_CAPTURE_AUTORELEASING = YES;
				CLANG_WARN_BOOL_CONVERSION = YES;
				CLANG_WARN_COMMA = YES;
				CLANG_WARN_CONSTANT_CONVERSION = YES;
				CLANG_WARN_DEPRECATED_OBJC_IMPLEMENTATIONS = YES;
				CLANG_WARN_DIRECT_OBJC_ISA_USAGE = YES_ERROR;
				CLANG_WARN_DOCUMENTATION_COMMENTS = YES;
				CLANG_WARN_EMPTY_BODY = YES;
				CLANG_WARN_ENUM_CONVERSION = YES;
				CLANG_WARN_INFINITE_RECURSION = YES;
				CLANG_WARN_INT_CONVERSION = YES;
				CLANG_WARN_NON_LITERAL_NULL_CONVERSION = YES;
				CLANG_WARN_OBJC_IMPLICIT_RETAIN_SELF = YES;
				CLANG_WARN_OBJC_LITERAL_CONVERSION = YES;
				CLANG_WARN_OBJC_ROOT_CLASS = YES_ERROR;
				CLANG_WARN_QUOTED_INCLUDE_IN_FRAMEWORK_HEADER = YES;
				CLANG_WARN_RANGE_LOOP_ANALYSIS = YES;
				CLANG_WARN_STRICT_PROTOTYPES = YES;
				CLANG_WARN_SUSPICIOUS_MOVE = YES;
				CLANG_WARN_UNGUARDED_AVAILABILITY = YES_AGGRESSIVE;
				CLANG_WARN_UNREACHABLE_CODE = YES;
				CLANG_WARN__DUPLICATE_METHOD_MATCH = YES;
				COPY_PHASE_STRIP = NO;
				DEBUG_INFORMATION_FORMAT = "dwarf-with-dsym";
				ENABLE_NS_ASSERTIONS = NO;
				ENABLE_STRICT_OBJC_MSGSEND = YES;
				GCC_C_LANGUAGE_STANDARD = gnu11;
				GCC_NO_COMMON_BLOCKS = YES;
				GCC_WARN_64_TO_32_BIT_CONVERSION = YES;
				GCC_WARN_ABOUT_RETURN_TYPE = YES_ERROR;
				GCC_WARN_UNDECLARED_SELECTOR = YES;
				GCC_WARN_UNINITIALIZED_AUTOS = YES_AGGRESSIVE;
				GCC_WARN_UNUSED_FUNCTION = YES;
				GCC_WARN_UNUSED_VARIABLE = YES;
				IPHONEOS_DEPLOYMENT_TARGET = 15.0;
				MTL_ENABLE_DEBUG_INFO = NO;
				MTL_FAST_MATH = YES;
				SDKROOT = iphoneos;
				SWIFT_COMPILATION_MODE = wholemodule;
				SWIFT_OPTIMIZATION_LEVEL = "-O";
				VALIDATE_PRODUCT = YES;
			};
			name = Release;
		};
		35ADB26F29B9859200005BE0 /* Debug */ = {
			isa = XCBuildConfiguration;
			buildSettings = {
				ASSETCATALOG_COMPILER_APPICON_NAME = AppIcon;
				ASSETCATALOG_COMPILER_GLOBAL_ACCENT_COLOR_NAME = AccentColor;
				CODE_SIGN_ENTITLEMENTS = TPOMusic/TPOMusic.entitlements;
				CODE_SIGN_STYLE = Automatic;
				CURRENT_PROJECT_VERSION = 1;
				DEVELOPMENT_TEAM = J85NQ6YL4V;
				GENERATE_INFOPLIST_FILE = YES;
				INFOPLIST_FILE = TPOMusic/Info.plist;
				INFOPLIST_KEY_NSAppleMusicUsageDescription = "Please allow access to continue";
				INFOPLIST_KEY_UIApplicationSupportsIndirectInputEvents = YES;
				INFOPLIST_KEY_UILaunchStoryboardName = LaunchScreen;
				INFOPLIST_KEY_UIMainStoryboardFile = Main;
				INFOPLIST_KEY_UISupportedInterfaceOrientations = UIInterfaceOrientationPortrait;
				INFOPLIST_KEY_UISupportedInterfaceOrientations_iPad = "UIInterfaceOrientationLandscapeLeft UIInterfaceOrientationLandscapeRight UIInterfaceOrientationPortrait UIInterfaceOrientationPortraitUpsideDown";
				IPHONEOS_DEPLOYMENT_TARGET = 15.0;
				LD_RUNPATH_SEARCH_PATHS = (
					"$(inherited)",
					"@executable_path/Frameworks",
				);
				MARKETING_VERSION = 1.0;
				PRODUCT_BUNDLE_IDENTIFIER = com.daeseongkim.TPOMusic3;
				PRODUCT_NAME = "$(TARGET_NAME)";
				SUPPORTED_PLATFORMS = "iphoneos iphonesimulator";
				SUPPORTS_MACCATALYST = NO;
				SUPPORTS_MAC_DESIGNED_FOR_IPHONE_IPAD = NO;
				SWIFT_EMIT_LOC_STRINGS = YES;
				SWIFT_VERSION = 5.0;
				TARGETED_DEVICE_FAMILY = 1;
			};
			name = Debug;
		};
		35ADB27029B9859200005BE0 /* Release */ = {
			isa = XCBuildConfiguration;
			buildSettings = {
				ASSETCATALOG_COMPILER_APPICON_NAME = AppIcon;
				ASSETCATALOG_COMPILER_GLOBAL_ACCENT_COLOR_NAME = AccentColor;
				CODE_SIGN_ENTITLEMENTS = TPOMusic/TPOMusic.entitlements;
				CODE_SIGN_STYLE = Automatic;
				CURRENT_PROJECT_VERSION = 1;
				DEVELOPMENT_TEAM = J85NQ6YL4V;
				GENERATE_INFOPLIST_FILE = YES;
				INFOPLIST_FILE = TPOMusic/Info.plist;
				INFOPLIST_KEY_NSAppleMusicUsageDescription = "Please allow access to continue";
				INFOPLIST_KEY_UIApplicationSupportsIndirectInputEvents = YES;
				INFOPLIST_KEY_UILaunchStoryboardName = LaunchScreen;
				INFOPLIST_KEY_UIMainStoryboardFile = Main;
				INFOPLIST_KEY_UISupportedInterfaceOrientations = UIInterfaceOrientationPortrait;
				INFOPLIST_KEY_UISupportedInterfaceOrientations_iPad = "UIInterfaceOrientationLandscapeLeft UIInterfaceOrientationLandscapeRight UIInterfaceOrientationPortrait UIInterfaceOrientationPortraitUpsideDown";
				IPHONEOS_DEPLOYMENT_TARGET = 15.0;
				LD_RUNPATH_SEARCH_PATHS = (
					"$(inherited)",
					"@executable_path/Frameworks",
				);
				MARKETING_VERSION = 1.0;
				PRODUCT_BUNDLE_IDENTIFIER = com.daeseongkim.TPOMusic3;
				PRODUCT_NAME = "$(TARGET_NAME)";
				SUPPORTED_PLATFORMS = "iphoneos iphonesimulator";
				SUPPORTS_MACCATALYST = NO;
				SUPPORTS_MAC_DESIGNED_FOR_IPHONE_IPAD = NO;
				SWIFT_EMIT_LOC_STRINGS = YES;
				SWIFT_VERSION = 5.0;
				TARGETED_DEVICE_FAMILY = 1;
			};
			name = Release;
		};
/* End XCBuildConfiguration section */

/* Begin XCConfigurationList section */
		35ADB25529B9859100005BE0 /* Build configuration list for PBXProject "TPOMusic" */ = {
			isa = XCConfigurationList;
			buildConfigurations = (
				35ADB26C29B9859200005BE0 /* Debug */,
				35ADB26D29B9859200005BE0 /* Release */,
			);
			defaultConfigurationIsVisible = 0;
			defaultConfigurationName = Release;
		};
		35ADB26E29B9859200005BE0 /* Build configuration list for PBXNativeTarget "TPOMusic" */ = {
			isa = XCConfigurationList;
			buildConfigurations = (
				35ADB26F29B9859200005BE0 /* Debug */,
				35ADB27029B9859200005BE0 /* Release */,
			);
			defaultConfigurationIsVisible = 0;
			defaultConfigurationName = Release;
		};
/* End XCConfigurationList section */

/* Begin XCRemoteSwiftPackageReference section */
		35ADB27129B9D49000005BE0 /* XCRemoteSwiftPackageReference "SnapKit" */ = {
			isa = XCRemoteSwiftPackageReference;
			repositoryURL = "https://github.com/SnapKit/SnapKit";
			requirement = {
				kind = upToNextMajorVersion;
				minimumVersion = 5.0.0;
			};
		};
		35ADB2B029BB4E4C00005BE0 /* XCRemoteSwiftPackageReference "Kingfisher" */ = {
			isa = XCRemoteSwiftPackageReference;
			repositoryURL = "https://github.com/onevcat/Kingfisher.git";
			requirement = {
				branch = master;
				kind = branch;
			};
		};
		35BCA58829D2E9820054EED6 /* XCRemoteSwiftPackageReference "lottie-ios" */ = {
			isa = XCRemoteSwiftPackageReference;
			repositoryURL = "https://github.com/airbnb/lottie-ios.git";
			requirement = {
				branch = master;
				kind = branch;
			};
		};
/* End XCRemoteSwiftPackageReference section */

/* Begin XCSwiftPackageProductDependency section */
		35ADB27229B9D49000005BE0 /* SnapKit */ = {
			isa = XCSwiftPackageProductDependency;
			package = 35ADB27129B9D49000005BE0 /* XCRemoteSwiftPackageReference "SnapKit" */;
			productName = SnapKit;
		};
		35ADB2B129BB4E4C00005BE0 /* Kingfisher */ = {
			isa = XCSwiftPackageProductDependency;
			package = 35ADB2B029BB4E4C00005BE0 /* XCRemoteSwiftPackageReference "Kingfisher" */;
			productName = Kingfisher;
		};
		35BCA58929D2E9820054EED6 /* Lottie */ = {
			isa = XCSwiftPackageProductDependency;
			package = 35BCA58829D2E9820054EED6 /* XCRemoteSwiftPackageReference "lottie-ios" */;
			productName = Lottie;
		};
/* End XCSwiftPackageProductDependency section */

/* Begin XCVersionGroup section */
		35ADB2E729C4246E00005BE0 /* TPOMusic.xcdatamodeld */ = {
			isa = XCVersionGroup;
			children = (
				35ADB2E829C4246E00005BE0 /* TPOMusic.xcdatamodel */,
			);
			currentVersion = 35ADB2E829C4246E00005BE0 /* TPOMusic.xcdatamodel */;
			path = TPOMusic.xcdatamodeld;
			sourceTree = "<group>";
			versionGroupType = wrapper.xcdatamodel;
		};
/* End XCVersionGroup section */
	};
	rootObject = 35ADB25229B9859100005BE0 /* Project object */;
}
